PODS:
  - CocoaDebug (1.7.7)

DEPENDENCIES:
  - CocoaDebug (from `../../CocoaDebugTool`)

EXTERNAL SOURCES:
  CocoaDebug:
    :path: "../../CocoaDebugTool"

SPEC CHECKSUMS:
  CocoaDebug: df91a463b738466ee29ef978a2ee44471fb33773

PODFILE CHECKSUM: cda74b4c153d7eb7bfaa45a37b3825a2129ead8a

COCOAPODS: 1.15.2
